
Microsoft Visual Studio Solution File, Format Version 12.00
# Visual Studio Version 16
VisualStudioVersion = 16.0.29905.134
MinimumVisualStudioVersion = 10.0.40219.1
Project("{9A19103F-16F7-4668-BE54-9A1E7A4F7556}") = "schools_identity", "schools_identity.csproj", "{D823DA58-2A2C-41B6-BEFA-BA0918C8EABA}"
EndProject
Global
	GlobalSection(SolutionConfigurationPlatforms) = preSolution
		Debug|Any CPU = Debug|Any CPU
		Release|Any CPU = Release|Any CPU
	EndGlobalSection
	GlobalSection(ProjectConfigurationPlatforms) = postSolution
		{D823DA58-2A2C-41B6-BEFA-BA0918C8EABA}.Debug|Any CPU.ActiveCfg = Debug|Any CPU
		{D823DA58-2A2C-41B6-BEFA-BA0918C8EABA}.Debug|Any CPU.Build.0 = Debug|Any CPU
		{D823DA58-2A2C-41B6-BEFA-BA0918C8EABA}.Release|Any CPU.ActiveCfg = Release|Any CPU
		{D823DA58-2A2C-41B6-BEFA-BA0918C8EABA}.Release|Any CPU.Build.0 = Release|Any CPU
	EndGlobalSection
	GlobalSection(SolutionProperties) = preSolution
		HideSolutionNode = FALSE
	EndGlobalSection
	GlobalSection(ExtensibilityGlobals) = postSolution
		SolutionGuid = {A9438E67-A723-4699-8D5C-391C55613EAC}
	EndGlobalSection
EndGlobal
